
Microsoft Visual Studio Solution File, Format Version 12.00
# Visual Studio 15
VisualStudioVersion = 15.0.27703.2042
MinimumVisualStudioVersion = 10.0.40219.1
Project("{FAE04EC0-301F-11D3-BF4B-00C04F79EFBC}") = "Ninject", "Ninject\Ninject.csproj", "{FEF4BD62-C536-4A4C-B241-F5B03281996A}"
EndProject
Project("{FAE04EC0-301F-11D3-BF4B-00C04F79EFBC}") = "AutoMapper", "AutoMapper\AutoMapper.csproj", "{B98F8F63-259C-4FD7-B79C-8FFA007AF1A3}"
EndProject
Project("{FAE04EC0-301F-11D3-BF4B-00C04F79EFBC}") = "Threading", "Threading\Threading.csproj", "{26F3AFBB-4BE5-448D-BD55-03C094D4AC6A}"
EndProject
Global
	GlobalSection(SolutionConfigurationPlatforms) = preSolution
		Debug|Any CPU = Debug|Any CPU
		Release|Any CPU = Release|Any CPU
	EndGlobalSection
	GlobalSection(ProjectConfigurationPlatforms) = postSolution
		{FEF4BD62-C536-4A4C-B241-F5B03281996A}.Debug|Any CPU.ActiveCfg = Debug|Any CPU
		{FEF4BD62-C536-4A4C-B241-F5B03281996A}.Debug|Any CPU.Build.0 = Debug|Any CPU
		{FEF4BD62-C536-4A4C-B241-F5B03281996A}.Release|Any CPU.ActiveCfg = Release|Any CPU
		{FEF4BD62-C536-4A4C-B241-F5B03281996A}.Release|Any CPU.Build.0 = Release|Any CPU
		{B98F8F63-259C-4FD7-B79C-8FFA007AF1A3}.Debug|Any CPU.ActiveCfg = Debug|Any CPU
		{B98F8F63-259C-4FD7-B79C-8FFA007AF1A3}.Debug|Any CPU.Build.0 = Debug|Any CPU
		{B98F8F63-259C-4FD7-B79C-8FFA007AF1A3}.Release|Any CPU.ActiveCfg = Release|Any CPU
		{B98F8F63-259C-4FD7-B79C-8FFA007AF1A3}.Release|Any CPU.Build.0 = Release|Any CPU
		{26F3AFBB-4BE5-448D-BD55-03C094D4AC6A}.Debug|Any CPU.ActiveCfg = Debug|Any CPU
		{26F3AFBB-4BE5-448D-BD55-03C094D4AC6A}.Debug|Any CPU.Build.0 = Debug|Any CPU
		{26F3AFBB-4BE5-448D-BD55-03C094D4AC6A}.Release|Any CPU.ActiveCfg = Release|Any CPU
		{26F3AFBB-4BE5-448D-BD55-03C094D4AC6A}.Release|Any CPU.Build.0 = Release|Any CPU
	EndGlobalSection
	GlobalSection(SolutionProperties) = preSolution
		HideSolutionNode = FALSE
	EndGlobalSection
	GlobalSection(ExtensibilityGlobals) = postSolution
		SolutionGuid = {93646278-17C5-441D-B9D7-8667967E9D68}
	EndGlobalSection
EndGlobal
